
Microsoft Visual Studio Solution File, Format Version 12.00
# Visual Studio Version 17
VisualStudioVersion = 17.4.33403.182
MinimumVisualStudioVersion = 10.0.40219.1
Project("{FAE04EC0-301F-11D3-BF4B-00C04F79EFBC}") = "SocketServer", "SocketServer\SocketServer.csproj", "{B96CA153-6C94-48B1-AD4C-F11392B2FE93}"
EndProject
Project("{FAE04EC0-301F-11D3-BF4B-00C04F79EFBC}") = "SocketClient", "SocketClient\SocketClient.csproj", "{FC571B53-7937-4AF7-B6C6-8C3DE07C1284}"
EndProject
Global
	GlobalSection(SolutionConfigurationPlatforms) = preSolution
		Debug|Any CPU = Debug|Any CPU
		Release|Any CPU = Release|Any CPU
	EndGlobalSection
	GlobalSection(ProjectConfigurationPlatforms) = postSolution
		{B96CA153-6C94-48B1-AD4C-F11392B2FE93}.Debug|Any CPU.ActiveCfg = Debug|Any CPU
		{B96CA153-6C94-48B1-AD4C-F11392B2FE93}.Debug|Any CPU.Build.0 = Debug|Any CPU
		{B96CA153-6C94-48B1-AD4C-F11392B2FE93}.Release|Any CPU.ActiveCfg = Release|Any CPU
		{B96CA153-6C94-48B1-AD4C-F11392B2FE93}.Release|Any CPU.Build.0 = Release|Any CPU
		{FC571B53-7937-4AF7-B6C6-8C3DE07C1284}.Debug|Any CPU.ActiveCfg = Debug|Any CPU
		{FC571B53-7937-4AF7-B6C6-8C3DE07C1284}.Debug|Any CPU.Build.0 = Debug|Any CPU
		{FC571B53-7937-4AF7-B6C6-8C3DE07C1284}.Release|Any CPU.ActiveCfg = Release|Any CPU
		{FC571B53-7937-4AF7-B6C6-8C3DE07C1284}.Release|Any CPU.Build.0 = Release|Any CPU
	EndGlobalSection
	GlobalSection(SolutionProperties) = preSolution
		HideSolutionNode = FALSE
	EndGlobalSection
	GlobalSection(ExtensibilityGlobals) = postSolution
		SolutionGuid = {27848983-10F0-4A4C-90D1-1A0BF4DE6CDE}
	EndGlobalSection
EndGlobal
